
Microsoft Visual Studio Solution File, Format Version 12.00
# Visual Studio Version 17
VisualStudioVersion = 17.6.33829.357
MinimumVisualStudioVersion = 10.0.40219.1
Project("{FAE04EC0-301F-11D3-BF4B-00C04F79EFBC}") = "EventManagment", "EventManagment\EventManagment.csproj", "{71633746-A1AA-4492-BCBE-A84CC33C025D}"
EndProject
Global
	GlobalSection(SolutionConfigurationPlatforms) = preSolution
		Debug|Any CPU = Debug|Any CPU
		Release|Any CPU = Release|Any CPU
	EndGlobalSection
	GlobalSection(ProjectConfigurationPlatforms) = postSolution
		{71633746-A1AA-4492-BCBE-A84CC33C025D}.Debug|Any CPU.ActiveCfg = Debug|Any CPU
		{71633746-A1AA-4492-BCBE-A84CC33C025D}.Debug|Any CPU.Build.0 = Debug|Any CPU
		{71633746-A1AA-4492-BCBE-A84CC33C025D}.Release|Any CPU.ActiveCfg = Release|Any CPU
		{71633746-A1AA-4492-BCBE-A84CC33C025D}.Release|Any CPU.Build.0 = Release|Any CPU
	EndGlobalSection
	GlobalSection(SolutionProperties) = preSolution
		HideSolutionNode = FALSE
	EndGlobalSection
	GlobalSection(ExtensibilityGlobals) = postSolution
		SolutionGuid = {5A9E01A1-D2E8-4F9D-91F8-43E358FE33B8}
	EndGlobalSection
EndGlobal
